
Microsoft Visual Studio Solution File, Format Version 12.00
# Visual Studio Version 17
VisualStudioVersion = 17.2.32602.215
MinimumVisualStudioVersion = 10.0.40219.1
Project("{9A19103F-16F7-4668-BE54-9A1E7A4F7556}") = "MvcCore", "MvcCore\MvcCore.csproj", "{5135B0F9-8613-4CAD-8566-49F4F9222ED0}"
EndProject
Project("{9A19103F-16F7-4668-BE54-9A1E7A4F7556}") = "CoreBooksLibrary", "CoreBooksLibrary\CoreBooksLibrary.csproj", "{FB6A7349-2723-4C34-B883-1EA952BC57F3}"
EndProject
Project("{9A19103F-16F7-4668-BE54-9A1E7A4F7556}") = "MvcCoreDepartman", "MvcCoreDepartman\MvcCoreDepartman.csproj", "{5506EF6E-F3BB-45D9-8708-EA5548C2A99B}"
EndProject
Project("{FAE04EC0-301F-11D3-BF4B-00C04F79EFBC}") = "CoreFood", "CoreFood\CoreFood.csproj", "{4472A503-C270-4770-9C69-A79F3DF35189}"
EndProject
Global
	GlobalSection(SolutionConfigurationPlatforms) = preSolution
		Debug|Any CPU = Debug|Any CPU
		Release|Any CPU = Release|Any CPU
	EndGlobalSection
	GlobalSection(ProjectConfigurationPlatforms) = postSolution
		{5135B0F9-8613-4CAD-8566-49F4F9222ED0}.Debug|Any CPU.ActiveCfg = Debug|Any CPU
		{5135B0F9-8613-4CAD-8566-49F4F9222ED0}.Debug|Any CPU.Build.0 = Debug|Any CPU
		{5135B0F9-8613-4CAD-8566-49F4F9222ED0}.Release|Any CPU.ActiveCfg = Release|Any CPU
		{5135B0F9-8613-4CAD-8566-49F4F9222ED0}.Release|Any CPU.Build.0 = Release|Any CPU
		{FB6A7349-2723-4C34-B883-1EA952BC57F3}.Debug|Any CPU.ActiveCfg = Debug|Any CPU
		{FB6A7349-2723-4C34-B883-1EA952BC57F3}.Debug|Any CPU.Build.0 = Debug|Any CPU
		{FB6A7349-2723-4C34-B883-1EA952BC57F3}.Release|Any CPU.ActiveCfg = Release|Any CPU
		{FB6A7349-2723-4C34-B883-1EA952BC57F3}.Release|Any CPU.Build.0 = Release|Any CPU
		{5506EF6E-F3BB-45D9-8708-EA5548C2A99B}.Debug|Any CPU.ActiveCfg = Debug|Any CPU
		{5506EF6E-F3BB-45D9-8708-EA5548C2A99B}.Debug|Any CPU.Build.0 = Debug|Any CPU
		{5506EF6E-F3BB-45D9-8708-EA5548C2A99B}.Release|Any CPU.ActiveCfg = Release|Any CPU
		{5506EF6E-F3BB-45D9-8708-EA5548C2A99B}.Release|Any CPU.Build.0 = Release|Any CPU
		{4472A503-C270-4770-9C69-A79F3DF35189}.Debug|Any CPU.ActiveCfg = Debug|Any CPU
		{4472A503-C270-4770-9C69-A79F3DF35189}.Debug|Any CPU.Build.0 = Debug|Any CPU
		{4472A503-C270-4770-9C69-A79F3DF35189}.Release|Any CPU.ActiveCfg = Release|Any CPU
		{4472A503-C270-4770-9C69-A79F3DF35189}.Release|Any CPU.Build.0 = Release|Any CPU
	EndGlobalSection
	GlobalSection(SolutionProperties) = preSolution
		HideSolutionNode = FALSE
	EndGlobalSection
	GlobalSection(ExtensibilityGlobals) = postSolution
		SolutionGuid = {3920E605-B160-4CD3-B722-7F36576D805C}
	EndGlobalSection
EndGlobal
